{
  "requires": true,
  "lockfileVersion": 1,
  "dependencies": {
    "angularx-social-login": {
      "version": "2.2.1",
      "resolved": "https://registry.npmjs.org/angularx-social-login/-/angularx-social-login-2.2.1.tgz",
      "integrity": "sha512-uYHuSIVK+rr3ZVAJHA6Y4OufJrFjmaMn9Gkrs+KPVEue48qepHwxztfr55oVFNasjfFly05R08xBb1sGlA+fqA==",
      "requires": {
        "typescript": "^3.5.3"
      }
    },
    "typescript": {
      "version": "3.8.3",
      "resolved": "https://registry.npmjs.org/typescript/-/typescript-3.8.3.tgz",
      "integrity": "sha512-MYlEfn5VrLNsgudQTVJeNaQFUAI7DkhnOjdpAp4T+ku1TfQClewlbSuTVHiA+8skNBgaf02TL/kLOvig4y3G8w=="
    }
  }
}
